
Microsoft Visual Studio Solution File, Format Version 12.00
# Visual Studio Version 16
VisualStudioVersion = 16.0.30907.101
MinimumVisualStudioVersion = 10.0.40219.1
Project("{FAE04EC0-301F-11D3-BF4B-00C04F79EFBC}") = "Task_1", "Task_1.csproj", "{0CB00679-E08B-4B40-BE41-E106D944528E}"
EndProject
Global
	GlobalSection(SolutionConfigurationPlatforms) = preSolution
		Debug|Any CPU = Debug|Any CPU
		Release|Any CPU = Release|Any CPU
	EndGlobalSection
	GlobalSection(ProjectConfigurationPlatforms) = postSolution
		{0CB00679-E08B-4B40-BE41-E106D944528E}.Debug|Any CPU.ActiveCfg = Debug|Any CPU
		{0CB00679-E08B-4B40-BE41-E106D944528E}.Debug|Any CPU.Build.0 = Debug|Any CPU
		{0CB00679-E08B-4B40-BE41-E106D944528E}.Release|Any CPU.ActiveCfg = Release|Any CPU
		{0CB00679-E08B-4B40-BE41-E106D944528E}.Release|Any CPU.Build.0 = Release|Any CPU
	EndGlobalSection
	GlobalSection(SolutionProperties) = preSolution
		HideSolutionNode = FALSE
	EndGlobalSection
	GlobalSection(ExtensibilityGlobals) = postSolution
		SolutionGuid = {23FA24DC-20E5-408A-B08C-F83FBE9A3340}
	EndGlobalSection
EndGlobal
