
Microsoft Visual Studio Solution File, Format Version 12.00
# Visual Studio Version 16
VisualStudioVersion = 16.0.30907.101
MinimumVisualStudioVersion = 10.0.40219.1
Project("{FAE04EC0-301F-11D3-BF4B-00C04F79EFBC}") = "Task_3", "Task_3.csproj", "{FE650E8E-E0FA-47FA-A286-7E1298D1DF79}"
EndProject
Global
	GlobalSection(SolutionConfigurationPlatforms) = preSolution
		Debug|Any CPU = Debug|Any CPU
		Release|Any CPU = Release|Any CPU
	EndGlobalSection
	GlobalSection(ProjectConfigurationPlatforms) = postSolution
		{FE650E8E-E0FA-47FA-A286-7E1298D1DF79}.Debug|Any CPU.ActiveCfg = Debug|Any CPU
		{FE650E8E-E0FA-47FA-A286-7E1298D1DF79}.Debug|Any CPU.Build.0 = Debug|Any CPU
		{FE650E8E-E0FA-47FA-A286-7E1298D1DF79}.Release|Any CPU.ActiveCfg = Release|Any CPU
		{FE650E8E-E0FA-47FA-A286-7E1298D1DF79}.Release|Any CPU.Build.0 = Release|Any CPU
	EndGlobalSection
	GlobalSection(SolutionProperties) = preSolution
		HideSolutionNode = FALSE
	EndGlobalSection
	GlobalSection(ExtensibilityGlobals) = postSolution
		SolutionGuid = {5A0CC6A3-5AD9-475D-A7EA-BF2A96A944EB}
	EndGlobalSection
EndGlobal
